PODS:
  - NVActivityIndicatorView (4.8.0):
    - NVActivityIndicatorView/Presenter (= 4.8.0)
  - NVActivityIndicatorView/Presenter (4.8.0)

DEPENDENCIES:
  - NVActivityIndicatorView

SPEC REPOS:
  trunk:
    - NVActivityIndicatorView

SPEC CHECKSUMS:
  NVActivityIndicatorView: d24b7ebcf80af5dcd994adb650e2b6c93379270f

PODFILE CHECKSUM: a2fb66efdda83d3a1b1014a33392cc7cc5fe4452

COCOAPODS: 1.9.1
